
Microsoft Visual Studio Solution File, Format Version 12.00
# Visual Studio Version 17
VisualStudioVersion = 17.10.35122.118
MinimumVisualStudioVersion = 10.0.40219.1
Project("{9A19103F-16F7-4668-BE54-9A1E7A4F7556}") = "Academia2.Api", "Academia2.Api\Academia2.Api.csproj", "{E28C8984-6D35-4875-B5A9-6601E087E543}"
EndProject
Project("{9A19103F-16F7-4668-BE54-9A1E7A4F7556}") = "Academia2.Domain", "Academia.Domain\Academia2.Domain.csproj", "{8E93EDFF-458F-4B43-A41A-779D42CD8E8F}"
EndProject
Project("{9A19103F-16F7-4668-BE54-9A1E7A4F7556}") = "Academia2.Application", "Academia2.Application\Academia2.Application.csproj", "{87C047E4-B024-480A-A819-8C17A000E8A4}"
EndProject
Project("{9A19103F-16F7-4668-BE54-9A1E7A4F7556}") = "Academia2.Data.Postgres", "Academia2.Data.Postgres\Academia2.Data.Postgres.csproj", "{DCB20C20-1B06-4B2E-A8EB-BF41F42E9F89}"
EndProject
Project("{FAE04EC0-301F-11D3-BF4B-00C04F79EFBC}") = "Academia2.Data", "Academia2.Data\Academia2.Data.csproj", "{3CC8B49B-B94F-4931-86C1-28AA5A798E51}"
EndProject
Global
	GlobalSection(SolutionConfigurationPlatforms) = preSolution
		Debug|Any CPU = Debug|Any CPU
		Release|Any CPU = Release|Any CPU
	EndGlobalSection
	GlobalSection(ProjectConfigurationPlatforms) = postSolution
		{E28C8984-6D35-4875-B5A9-6601E087E543}.Debug|Any CPU.ActiveCfg = Debug|Any CPU
		{E28C8984-6D35-4875-B5A9-6601E087E543}.Debug|Any CPU.Build.0 = Debug|Any CPU
		{E28C8984-6D35-4875-B5A9-6601E087E543}.Release|Any CPU.ActiveCfg = Release|Any CPU
		{E28C8984-6D35-4875-B5A9-6601E087E543}.Release|Any CPU.Build.0 = Release|Any CPU
		{8E93EDFF-458F-4B43-A41A-779D42CD8E8F}.Debug|Any CPU.ActiveCfg = Debug|Any CPU
		{8E93EDFF-458F-4B43-A41A-779D42CD8E8F}.Debug|Any CPU.Build.0 = Debug|Any CPU
		{8E93EDFF-458F-4B43-A41A-779D42CD8E8F}.Release|Any CPU.ActiveCfg = Release|Any CPU
		{8E93EDFF-458F-4B43-A41A-779D42CD8E8F}.Release|Any CPU.Build.0 = Release|Any CPU
		{87C047E4-B024-480A-A819-8C17A000E8A4}.Debug|Any CPU.ActiveCfg = Debug|Any CPU
		{87C047E4-B024-480A-A819-8C17A000E8A4}.Debug|Any CPU.Build.0 = Debug|Any CPU
		{87C047E4-B024-480A-A819-8C17A000E8A4}.Release|Any CPU.ActiveCfg = Release|Any CPU
		{87C047E4-B024-480A-A819-8C17A000E8A4}.Release|Any CPU.Build.0 = Release|Any CPU
		{DCB20C20-1B06-4B2E-A8EB-BF41F42E9F89}.Debug|Any CPU.ActiveCfg = Debug|Any CPU
		{DCB20C20-1B06-4B2E-A8EB-BF41F42E9F89}.Debug|Any CPU.Build.0 = Debug|Any CPU
		{DCB20C20-1B06-4B2E-A8EB-BF41F42E9F89}.Release|Any CPU.ActiveCfg = Release|Any CPU
		{DCB20C20-1B06-4B2E-A8EB-BF41F42E9F89}.Release|Any CPU.Build.0 = Release|Any CPU
		{3CC8B49B-B94F-4931-86C1-28AA5A798E51}.Debug|Any CPU.ActiveCfg = Debug|Any CPU
		{3CC8B49B-B94F-4931-86C1-28AA5A798E51}.Debug|Any CPU.Build.0 = Debug|Any CPU
		{3CC8B49B-B94F-4931-86C1-28AA5A798E51}.Release|Any CPU.ActiveCfg = Release|Any CPU
		{3CC8B49B-B94F-4931-86C1-28AA5A798E51}.Release|Any CPU.Build.0 = Release|Any CPU
	EndGlobalSection
	GlobalSection(SolutionProperties) = preSolution
		HideSolutionNode = FALSE
	EndGlobalSection
	GlobalSection(ExtensibilityGlobals) = postSolution
		SolutionGuid = {971A4355-C830-4D33-A79F-2BBF0FFB1E84}
	EndGlobalSection
EndGlobal
